
Microsoft Visual Studio Solution File, Format Version 12.00
# Visual Studio Version 16
VisualStudioVersion = 16.0.31112.23
MinimumVisualStudioVersion = 10.0.40219.1
Project("{9A19103F-16F7-4668-BE54-9A1E7A4F7556}") = "ProcesoTareas", "ProcesoTareas.csproj", "{80143E3A-A2C1-4358-889C-5F115981BB04}"
EndProject
Project("{FAE04EC0-301F-11D3-BF4B-00C04F79EFBC}") = "ProcesoTareas.UnitTests", "..\ProcesoTareas.UnitTests\ProcesoTareas.UnitTests.csproj", "{BB41024B-809B-4006-AAEE-F1244DDDB463}"
EndProject
Global
	GlobalSection(SolutionConfigurationPlatforms) = preSolution
		Debug|Any CPU = Debug|Any CPU
		Release|Any CPU = Release|Any CPU
	EndGlobalSection
	GlobalSection(ProjectConfigurationPlatforms) = postSolution
		{80143E3A-A2C1-4358-889C-5F115981BB04}.Debug|Any CPU.ActiveCfg = Debug|Any CPU
		{80143E3A-A2C1-4358-889C-5F115981BB04}.Debug|Any CPU.Build.0 = Debug|Any CPU
		{80143E3A-A2C1-4358-889C-5F115981BB04}.Release|Any CPU.ActiveCfg = Release|Any CPU
		{80143E3A-A2C1-4358-889C-5F115981BB04}.Release|Any CPU.Build.0 = Release|Any CPU
		{BB41024B-809B-4006-AAEE-F1244DDDB463}.Debug|Any CPU.ActiveCfg = Debug|Any CPU
		{BB41024B-809B-4006-AAEE-F1244DDDB463}.Debug|Any CPU.Build.0 = Debug|Any CPU
		{BB41024B-809B-4006-AAEE-F1244DDDB463}.Release|Any CPU.ActiveCfg = Release|Any CPU
		{BB41024B-809B-4006-AAEE-F1244DDDB463}.Release|Any CPU.Build.0 = Release|Any CPU
	EndGlobalSection
	GlobalSection(SolutionProperties) = preSolution
		HideSolutionNode = FALSE
	EndGlobalSection
	GlobalSection(ExtensibilityGlobals) = postSolution
		SolutionGuid = {92D2F10E-B9AC-4875-BDDE-CC54CD6BDE44}
	EndGlobalSection
EndGlobal
